# This file is automatically @generated by Poetry 1.8.3 and should not be changed by hand.

[[package]]
name = "duckdb"
version = "1.1.3"
description = "DuckDB in-process database"
optional = false
python-versions = ">=3.7.0"
files = [
    {file = "duckdb-1.1.3-cp310-cp310-macosx_12_0_arm64.whl", hash = "sha256:1c0226dc43e2ee4cc3a5a4672fddb2d76fd2cf2694443f395c02dd1bea0b7fce"},
    {file = "duckdb-1.1.3-cp310-cp310-macosx_12_0_universal2.whl", hash = "sha256:7c71169fa804c0b65e49afe423ddc2dc83e198640e3b041028da8110f7cd16f7"},
    {file = "duckdb-1.1.3-cp310-cp310-macosx_12_0_x86_64.whl", hash = "sha256:872d38b65b66e3219d2400c732585c5b4d11b13d7a36cd97908d7981526e9898"},
    {file = "duckdb-1.1.3-cp310-cp310-manylinux_2_17_aarch64.manylinux2014_aarch64.whl", hash = "sha256:25fb02629418c0d4d94a2bc1776edaa33f6f6ccaa00bd84eb96ecb97ae4b50e9"},
    {file = "duckdb-1.1.3-cp310-cp310-manylinux_2_17_x86_64.manylinux2014_x86_64.whl", hash = "sha256:9e3f5cd604e7c39527e6060f430769b72234345baaa0987f9500988b2814f5e4"},
    {file = "duckdb-1.1.3-cp310-cp310-manylinux_2_24_aarch64.manylinux_2_28_aarch64.whl", hash = "sha256:08935700e49c187fe0e9b2b86b5aad8a2ccd661069053e38bfaed3b9ff795efd"},
    {file = "duckdb-1.1.3-cp310-cp310-musllinux_1_2_x86_64.whl", hash = "sha256:f9b47036945e1db32d70e414a10b1593aec641bd4c5e2056873d971cc21e978b"},
    {file = "duckdb-1.1.3-cp310-cp310-win_amd64.whl", hash = "sha256:35c420f58abc79a68a286a20fd6265636175fadeca1ce964fc8ef159f3acc289"},
    {file = "duckdb-1.1.3-cp311-cp311-macosx_12_0_arm64.whl", hash = "sha256:4f0e2e5a6f5a53b79aee20856c027046fba1d73ada6178ed8467f53c3877d5e0"},
    {file = "duckdb-1.1.3-cp311-cp311-macosx_12_0_universal2.whl", hash = "sha256:911d58c22645bfca4a5a049ff53a0afd1537bc18fedb13bc440b2e5af3c46148"},
    {file = "duckdb-1.1.3-cp311-cp311-macosx_12_0_x86_64.whl", hash = "sha256:c443d3d502335e69fc1e35295fcfd1108f72cb984af54c536adfd7875e79cee5"},
    {file = "duckdb-1.1.3-cp311-cp311-manylinux_2_17_aarch64.manylinux2014_aarch64.whl", hash = "sha256:0a55169d2d2e2e88077d91d4875104b58de45eff6a17a59c7dc41562c73df4be"},
    {file = "duckdb-1.1.3-cp311-cp311-manylinux_2_17_x86_64.manylinux2014_x86_64.whl", hash = "sha256:9d0767ada9f06faa5afcf63eb7ba1befaccfbcfdac5ff86f0168c673dd1f47aa"},
    {file = "duckdb-1.1.3-cp311-cp311-manylinux_2_24_aarch64.manylinux_2_28_aarch64.whl", hash = "sha256:51c6d79e05b4a0933672b1cacd6338f882158f45ef9903aef350c4427d9fc898"},
    {file = "duckdb-1.1.3-cp311-cp311-musllinux_1_2_x86_64.whl", hash = "sha256:183ac743f21c6a4d6adfd02b69013d5fd78e5e2cd2b4db023bc8a95457d4bc5d"},
    {file = "duckdb-1.1.3-cp311-cp311-win_amd64.whl", hash = "sha256:a30dd599b8090ea6eafdfb5a9f1b872d78bac318b6914ada2d35c7974d643640"},
    {file = "duckdb-1.1.3-cp312-cp312-macosx_12_0_arm64.whl", hash = "sha256:a433ae9e72c5f397c44abdaa3c781d94f94f4065bcbf99ecd39433058c64cb38"},
    {file = "duckdb-1.1.3-cp312-cp312-macosx_12_0_universal2.whl", hash = "sha256:d08308e0a46c748d9c30f1d67ee1143e9c5ea3fbcccc27a47e115b19e7e78aa9"},
    {file = "duckdb-1.1.3-cp312-cp312-macosx_12_0_x86_64.whl", hash = "sha256:5d57776539211e79b11e94f2f6d63de77885f23f14982e0fac066f2885fcf3ff"},
    {file = "duckdb-1.1.3-cp312-cp312-manylinux_2_17_aarch64.manylinux2014_aarch64.whl", hash = "sha256:e59087dbbb63705f2483544e01cccf07d5b35afa58be8931b224f3221361d537"},
    {file = "duckdb-1.1.3-cp312-cp312-manylinux_2_17_x86_64.manylinux2014_x86_64.whl", hash = "sha256:4ebf5f60ddbd65c13e77cddb85fe4af671d31b851f125a4d002a313696af43f1"},
    {file = "duckdb-1.1.3-cp312-cp312-manylinux_2_24_aarch64.manylinux_2_28_aarch64.whl", hash = "sha256:e4ef7ba97a65bd39d66f2a7080e6fb60e7c3e41d4c1e19245f90f53b98e3ac32"},
    {file = "duckdb-1.1.3-cp312-cp312-musllinux_1_2_x86_64.whl", hash = "sha256:f58db1b65593ff796c8ea6e63e2e144c944dd3d51c8d8e40dffa7f41693d35d3"},
    {file = "duckdb-1.1.3-cp312-cp312-win_amd64.whl", hash = "sha256:e86006958e84c5c02f08f9b96f4bc26990514eab329b1b4f71049b3727ce5989"},
    {file = "duckdb-1.1.3-cp313-cp313-macosx_12_0_arm64.whl", hash = "sha256:0897f83c09356206ce462f62157ce064961a5348e31ccb2a557a7531d814e70e"},
    {file = "duckdb-1.1.3-cp313-cp313-macosx_12_0_universal2.whl", hash = "sha256:cddc6c1a3b91dcc5f32493231b3ba98f51e6d3a44fe02839556db2b928087378"},
    {file = "duckdb-1.1.3-cp313-cp313-macosx_12_0_x86_64.whl", hash = "sha256:1d9ab6143e73bcf17d62566e368c23f28aa544feddfd2d8eb50ef21034286f24"},
    {file = "duckdb-1.1.3-cp313-cp313-manylinux_2_17_aarch64.manylinux2014_aarch64.whl", hash = "sha256:2f073d15d11a328f2e6d5964a704517e818e930800b7f3fa83adea47f23720d3"},
    {file = "duckdb-1.1.3-cp313-cp313-manylinux_2_17_x86_64.manylinux2014_x86_64.whl", hash = "sha256:d5724fd8a49e24d730be34846b814b98ba7c304ca904fbdc98b47fa95c0b0cee"},
    {file = "duckdb-1.1.3-cp313-cp313-manylinux_2_24_aarch64.manylinux_2_28_aarch64.whl", hash = "sha256:51e7dbd968b393343b226ab3f3a7b5a68dee6d3fe59be9d802383bf916775cb8"},
    {file = "duckdb-1.1.3-cp313-cp313-musllinux_1_2_x86_64.whl", hash = "sha256:00cca22df96aa3473fe4584f84888e2cf1c516e8c2dd837210daec44eadba586"},
    {file = "duckdb-1.1.3-cp313-cp313-win_amd64.whl", hash = "sha256:77f26884c7b807c7edd07f95cf0b00e6d47f0de4a534ac1706a58f8bc70d0d31"},
    {file = "duckdb-1.1.3-cp37-cp37m-manylinux_2_17_aarch64.manylinux2014_aarch64.whl", hash = "sha256:a4748635875fc3c19a7320a6ae7410f9295557450c0ebab6d6712de12640929a"},
    {file = "duckdb-1.1.3-cp37-cp37m-manylinux_2_17_x86_64.manylinux2014_x86_64.whl", hash = "sha256:b74e121ab65dbec5290f33ca92301e3a4e81797966c8d9feef6efdf05fc6dafd"},
    {file = "duckdb-1.1.3-cp37-cp37m-manylinux_2_24_aarch64.manylinux_2_28_aarch64.whl", hash = "sha256:9c619e4849837c8c83666f2cd5c6c031300cd2601e9564b47aa5de458ff6e69d"},
    {file = "duckdb-1.1.3-cp37-cp37m-win_amd64.whl", hash = "sha256:0ba6baa0af33ded836b388b09433a69b8bec00263247f6bf0a05c65c897108d3"},
    {file = "duckdb-1.1.3-cp38-cp38-macosx_12_0_arm64.whl", hash = "sha256:ecb1dc9062c1cc4d2d88a5e5cd8cc72af7818ab5a3c0f796ef0ffd60cfd3efb4"},
    {file = "duckdb-1.1.3-cp38-cp38-macosx_12_0_universal2.whl", hash = "sha256:5ace6e4b1873afdd38bd6cc8fcf90310fb2d454f29c39a61d0c0cf1a24ad6c8d"},
    {file = "duckdb-1.1.3-cp38-cp38-macosx_12_0_x86_64.whl", hash = "sha256:a1fa0c502f257fa9caca60b8b1478ec0f3295f34bb2efdc10776fc731b8a6c5f"},
    {file = "duckdb-1.1.3-cp38-cp38-manylinux_2_17_aarch64.manylinux2014_aarch64.whl", hash = "sha256:6411e21a2128d478efbd023f2bdff12464d146f92bc3e9c49247240448ace5a6"},
    {file = "duckdb-1.1.3-cp38-cp38-manylinux_2_17_x86_64.manylinux2014_x86_64.whl", hash = "sha256:c5336939d83837af52731e02b6a78a446794078590aa71fd400eb17f083dda3e"},
    {file = "duckdb-1.1.3-cp38-cp38-manylinux_2_24_aarch64.manylinux_2_28_aarch64.whl", hash = "sha256:f549af9f7416573ee48db1cf8c9d27aeed245cb015f4b4f975289418c6cf7320"},
    {file = "duckdb-1.1.3-cp38-cp38-win_amd64.whl", hash = "sha256:2141c6b28162199999075d6031b5d63efeb97c1e68fb3d797279d31c65676269"},
    {file = "duckdb-1.1.3-cp39-cp39-macosx_12_0_arm64.whl", hash = "sha256:09c68522c30fc38fc972b8a75e9201616b96ae6da3444585f14cf0d116008c95"},
    {file = "duckdb-1.1.3-cp39-cp39-macosx_12_0_universal2.whl", hash = "sha256:8ee97ec337794c162c0638dda3b4a30a483d0587deda22d45e1909036ff0b739"},
    {file = "duckdb-1.1.3-cp39-cp39-macosx_12_0_x86_64.whl", hash = "sha256:a1f83c7217c188b7ab42e6a0963f42070d9aed114f6200e3c923c8899c090f16"},
    {file = "duckdb-1.1.3-cp39-cp39-manylinux_2_17_aarch64.manylinux2014_aarch64.whl", hash = "sha256:1aa3abec8e8995a03ff1a904b0e66282d19919f562dd0a1de02f23169eeec461"},
    {file = "duckdb-1.1.3-cp39-cp39-manylinux_2_17_x86_64.manylinux2014_x86_64.whl", hash = "sha256:80158f4c7c7ada46245837d5b6869a336bbaa28436fbb0537663fa324a2750cd"},
    {file = "duckdb-1.1.3-cp39-cp39-manylinux_2_24_aarch64.manylinux_2_28_aarch64.whl", hash = "sha256:647f17bd126170d96a38a9a6f25fca47ebb0261e5e44881e3782989033c94686"},
    {file = "duckdb-1.1.3-cp39-cp39-musllinux_1_2_x86_64.whl", hash = "sha256:252d9b17d354beb9057098d4e5d5698e091a4f4a0d38157daeea5fc0ec161670"},
    {file = "duckdb-1.1.3-cp39-cp39-win_amd64.whl", hash = "sha256:eeacb598120040e9591f5a4edecad7080853aa8ac27e62d280f151f8c862afa3"},
    {file = "duckdb-1.1.3.tar.gz", hash = "sha256:68c3a46ab08836fe041d15dcbf838f74a990d551db47cb24ab1c4576fc19351c"},
]

[[package]]
name = "polars"
version = "1.14.0"
description = "Blazingly fast DataFrame library"
optional = false
python-versions = ">=3.9"
files = [
    {file = "polars-1.14.0-cp39-abi3-macosx_10_12_x86_64.whl", hash = "sha256:f346177c6f3442e8e61eadc4830d588348bf3383b0100d1c942b5615813be16e"},
    {file = "polars-1.14.0-cp39-abi3-macosx_11_0_arm64.whl", hash = "sha256:588b5622b3a73be874a8e432d45c8a122662c09ce5ba2d5e5966f6dacce2b914"},
    {file = "polars-1.14.0-cp39-abi3-manylinux_2_17_x86_64.manylinux2014_x86_64.whl", hash = "sha256:0bc46ad6ceeec5d9d881f09c7c1811844e851980735f8455981cdea456e08f5c"},
    {file = "polars-1.14.0-cp39-abi3-manylinux_2_24_aarch64.whl", hash = "sha256:3fc0cf084f848799379e8eba14733ae0e9d66a0fa8ec41719df82ed29c827003"},
    {file = "polars-1.14.0-cp39-abi3-win_amd64.whl", hash = "sha256:5ca507d162f88a44e1a945feecfa474fda0b66f378336d69b9ee23917da670c3"},
    {file = "polars-1.14.0.tar.gz", hash = "sha256:e34fbeca4664fba754a12d0a66b36569c4c9e5a0116108d9362067a0ca596b4d"},
]

[package.dependencies]
pyarrow = {version = ">=7.0.0", optional = true, markers = "extra == \"pyarrow\""}

[package.extras]
adbc = ["adbc-driver-manager[dbapi]", "adbc-driver-sqlite[dbapi]"]
all = ["polars[async,cloudpickle,database,deltalake,excel,fsspec,graph,iceberg,numpy,pandas,plot,pyarrow,pydantic,style,timezone]"]
async = ["gevent"]
calamine = ["fastexcel (>=0.9)"]
cloudpickle = ["cloudpickle"]
connectorx = ["connectorx (>=0.3.2)"]
database = ["nest-asyncio", "polars[adbc,connectorx,sqlalchemy]"]
deltalake = ["deltalake (>=0.15.0)"]
excel = ["polars[calamine,openpyxl,xlsx2csv,xlsxwriter]"]
fsspec = ["fsspec"]
gpu = ["cudf-polars-cu12"]
graph = ["matplotlib"]
iceberg = ["pyiceberg (>=0.5.0)"]
numpy = ["numpy (>=1.16.0)"]
openpyxl = ["openpyxl (>=3.0.0)"]
pandas = ["pandas", "polars[pyarrow]"]
plot = ["altair (>=5.4.0)"]
pyarrow = ["pyarrow (>=7.0.0)"]
pydantic = ["pydantic"]
sqlalchemy = ["polars[pandas]", "sqlalchemy"]
style = ["great-tables (>=0.8.0)"]
timezone = ["backports-zoneinfo", "tzdata"]
xlsx2csv = ["xlsx2csv (>=0.8.0)"]
xlsxwriter = ["xlsxwriter"]

[[package]]
name = "pyarrow"
version = "18.0.0"
description = "Python library for Apache Arrow"
optional = false
python-versions = ">=3.9"
files = [
    {file = "pyarrow-18.0.0-cp310-cp310-macosx_12_0_arm64.whl", hash = "sha256:2333f93260674e185cfbf208d2da3007132572e56871f451ba1a556b45dae6e2"},
    {file = "pyarrow-18.0.0-cp310-cp310-macosx_12_0_x86_64.whl", hash = "sha256:4c381857754da44326f3a49b8b199f7f87a51c2faacd5114352fc78de30d3aba"},
    {file = "pyarrow-18.0.0-cp310-cp310-manylinux_2_17_aarch64.manylinux2014_aarch64.whl", hash = "sha256:603cd8ad4976568954598ef0a6d4ed3dfb78aff3d57fa8d6271f470f0ce7d34f"},
    {file = "pyarrow-18.0.0-cp310-cp310-manylinux_2_17_x86_64.manylinux2014_x86_64.whl", hash = "sha256:58a62549a3e0bc9e03df32f350e10e1efb94ec6cf63e3920c3385b26663948ce"},
    {file = "pyarrow-18.0.0-cp310-cp310-manylinux_2_28_aarch64.whl", hash = "sha256:bc97316840a349485fbb137eb8d0f4d7057e1b2c1272b1a20eebbbe1848f5122"},
    {file = "pyarrow-18.0.0-cp310-cp310-manylinux_2_28_x86_64.whl", hash = "sha256:2e549a748fa8b8715e734919923f69318c953e077e9c02140ada13e59d043310"},
    {file = "pyarrow-18.0.0-cp310-cp310-win_amd64.whl", hash = "sha256:606e9a3dcb0f52307c5040698ea962685fb1c852d72379ee9412be7de9c5f9e2"},
    {file = "pyarrow-18.0.0-cp311-cp311-macosx_12_0_arm64.whl", hash = "sha256:d5795e37c0a33baa618c5e054cd61f586cf76850a251e2b21355e4085def6280"},
    {file = "pyarrow-18.0.0-cp311-cp311-macosx_12_0_x86_64.whl", hash = "sha256:5f0510608ccd6e7f02ca8596962afb8c6cc84c453e7be0da4d85f5f4f7b0328a"},
    {file = "pyarrow-18.0.0-cp311-cp311-manylinux_2_17_aarch64.manylinux2014_aarch64.whl", hash = "sha256:616ea2826c03c16e87f517c46296621a7c51e30400f6d0a61be645f203aa2b93"},
    {file = "pyarrow-18.0.0-cp311-cp311-manylinux_2_17_x86_64.manylinux2014_x86_64.whl", hash = "sha256:a1824f5b029ddd289919f354bc285992cb4e32da518758c136271cf66046ef22"},
    {file = "pyarrow-18.0.0-cp311-cp311-manylinux_2_28_aarch64.whl", hash = "sha256:6dd1b52d0d58dd8f685ced9971eb49f697d753aa7912f0a8f50833c7a7426319"},
    {file = "pyarrow-18.0.0-cp311-cp311-manylinux_2_28_x86_64.whl", hash = "sha256:320ae9bd45ad7ecc12ec858b3e8e462578de060832b98fc4d671dee9f10d9954"},
    {file = "pyarrow-18.0.0-cp311-cp311-win_amd64.whl", hash = "sha256:2c992716cffb1088414f2b478f7af0175fd0a76fea80841b1706baa8fb0ebaad"},
    {file = "pyarrow-18.0.0-cp312-cp312-macosx_12_0_arm64.whl", hash = "sha256:e7ab04f272f98ebffd2a0661e4e126036f6936391ba2889ed2d44c5006237802"},
    {file = "pyarrow-18.0.0-cp312-cp312-macosx_12_0_x86_64.whl", hash = "sha256:03f40b65a43be159d2f97fd64dc998f769d0995a50c00f07aab58b0b3da87e1f"},
    {file = "pyarrow-18.0.0-cp312-cp312-manylinux_2_17_aarch64.manylinux2014_aarch64.whl", hash = "sha256:be08af84808dff63a76860847c48ec0416928a7b3a17c2f49a072cac7c45efbd"},
    {file = "pyarrow-18.0.0-cp312-cp312-manylinux_2_17_x86_64.manylinux2014_x86_64.whl", hash = "sha256:8c70c1965cde991b711a98448ccda3486f2a336457cf4ec4dca257a926e149c9"},
    {file = "pyarrow-18.0.0-cp312-cp312-manylinux_2_28_aarch64.whl", hash = "sha256:00178509f379415a3fcf855af020e3340254f990a8534294ec3cf674d6e255fd"},
    {file = "pyarrow-18.0.0-cp312-cp312-manylinux_2_28_x86_64.whl", hash = "sha256:a71ab0589a63a3e987beb2bc172e05f000a5c5be2636b4b263c44034e215b5d7"},
    {file = "pyarrow-18.0.0-cp312-cp312-win_amd64.whl", hash = "sha256:fe92efcdbfa0bcf2fa602e466d7f2905500f33f09eb90bf0bcf2e6ca41b574c8"},
    {file = "pyarrow-18.0.0-cp313-cp313-macosx_12_0_arm64.whl", hash = "sha256:907ee0aa8ca576f5e0cdc20b5aeb2ad4d3953a3b4769fc4b499e00ef0266f02f"},
    {file = "pyarrow-18.0.0-cp313-cp313-macosx_12_0_x86_64.whl", hash = "sha256:66dcc216ebae2eb4c37b223feaf82f15b69d502821dde2da138ec5a3716e7463"},
    {file = "pyarrow-18.0.0-cp313-cp313-manylinux_2_17_aarch64.manylinux2014_aarch64.whl", hash = "sha256:bc1daf7c425f58527900876354390ee41b0ae962a73ad0959b9d829def583bb1"},
    {file = "pyarrow-18.0.0-cp313-cp313-manylinux_2_17_x86_64.manylinux2014_x86_64.whl", hash = "sha256:871b292d4b696b09120ed5bde894f79ee2a5f109cb84470546471df264cae136"},
    {file = "pyarrow-18.0.0-cp313-cp313-manylinux_2_28_aarch64.whl", hash = "sha256:082ba62bdcb939824ba1ce10b8acef5ab621da1f4c4805e07bfd153617ac19d4"},
    {file = "pyarrow-18.0.0-cp313-cp313-manylinux_2_28_x86_64.whl", hash = "sha256:2c664ab88b9766413197733c1720d3dcd4190e8fa3bbdc3710384630a0a7207b"},
    {file = "pyarrow-18.0.0-cp313-cp313-win_amd64.whl", hash = "sha256:dc892be34dbd058e8d189b47db1e33a227d965ea8805a235c8a7286f7fd17d3a"},
    {file = "pyarrow-18.0.0-cp313-cp313t-macosx_12_0_arm64.whl", hash = "sha256:28f9c39a56d2c78bf6b87dcc699d520ab850919d4a8c7418cd20eda49874a2ea"},
    {file = "pyarrow-18.0.0-cp313-cp313t-macosx_12_0_x86_64.whl", hash = "sha256:f1a198a50c409ab2d009fbf20956ace84567d67f2c5701511d4dd561fae6f32e"},
    {file = "pyarrow-18.0.0-cp313-cp313t-manylinux_2_17_aarch64.manylinux2014_aarch64.whl", hash = "sha256:b5bd7fd32e3ace012d43925ea4fc8bd1b02cc6cc1e9813b518302950e89b5a22"},
    {file = "pyarrow-18.0.0-cp313-cp313t-manylinux_2_17_x86_64.manylinux2014_x86_64.whl", hash = "sha256:336addb8b6f5208be1b2398442c703a710b6b937b1a046065ee4db65e782ff5a"},
    {file = "pyarrow-18.0.0-cp313-cp313t-manylinux_2_28_aarch64.whl", hash = "sha256:45476490dd4adec5472c92b4d253e245258745d0ccaabe706f8d03288ed60a79"},
    {file = "pyarrow-18.0.0-cp313-cp313t-manylinux_2_28_x86_64.whl", hash = "sha256:b46591222c864e7da7faa3b19455196416cd8355ff6c2cc2e65726a760a3c420"},
    {file = "pyarrow-18.0.0-cp39-cp39-macosx_12_0_arm64.whl", hash = "sha256:eb7e3abcda7e1e6b83c2dc2909c8d045881017270a119cc6ee7fdcfe71d02df8"},
    {file = "pyarrow-18.0.0-cp39-cp39-macosx_12_0_x86_64.whl", hash = "sha256:09f30690b99ce34e0da64d20dab372ee54431745e4efb78ac938234a282d15f9"},
    {file = "pyarrow-18.0.0-cp39-cp39-manylinux_2_17_aarch64.manylinux2014_aarch64.whl", hash = "sha256:4d5ca5d707e158540312e09fd907f9f49bacbe779ab5236d9699ced14d2293b8"},
    {file = "pyarrow-18.0.0-cp39-cp39-manylinux_2_17_x86_64.manylinux2014_x86_64.whl", hash = "sha256:d6331f280c6e4521c69b201a42dd978f60f7e129511a55da9e0bfe426b4ebb8d"},
    {file = "pyarrow-18.0.0-cp39-cp39-manylinux_2_28_aarch64.whl", hash = "sha256:3ac24b2be732e78a5a3ac0b3aa870d73766dd00beba6e015ea2ea7394f8b4e55"},
    {file = "pyarrow-18.0.0-cp39-cp39-manylinux_2_28_x86_64.whl", hash = "sha256:b30a927c6dff89ee702686596f27c25160dd6c99be5bcc1513a763ae5b1bfc03"},
    {file = "pyarrow-18.0.0-cp39-cp39-win_amd64.whl", hash = "sha256:8f40ec677e942374e3d7f2fad6a67a4c2811a8b975e8703c6fd26d3b168a90e2"},
    {file = "pyarrow-18.0.0.tar.gz", hash = "sha256:a6aa027b1a9d2970cf328ccd6dbe4a996bc13c39fd427f502782f5bdb9ca20f5"},
]

[package.extras]
test = ["cffi", "hypothesis", "pandas", "pytest", "pytz"]

[metadata]
lock-version = "2.0"
python-versions = "^3.12"
content-hash = "b48f2e4fc6d81bbf0dd999f197c75ac3f331225bec7dcfbc68b805005600a761"
